
Microsoft Visual Studio Solution File, Format Version 12.00
# Visual Studio Version 17
VisualStudioVersion = 17.8.34330.188
MinimumVisualStudioVersion = 10.0.40219.1
Project("{FAE04EC0-301F-11D3-BF4B-00C04F79EFBC}") = "UserRegistrationProblem", "UserRegistrationProblem.csproj", "{748A9A6B-0166-4C59-974E-D8EDC5C956A7}"
EndProject
Global
	GlobalSection(SolutionConfigurationPlatforms) = preSolution
		Debug|Any CPU = Debug|Any CPU
		Release|Any CPU = Release|Any CPU
	EndGlobalSection
	GlobalSection(ProjectConfigurationPlatforms) = postSolution
		{748A9A6B-0166-4C59-974E-D8EDC5C956A7}.Debug|Any CPU.ActiveCfg = Debug|Any CPU
		{748A9A6B-0166-4C59-974E-D8EDC5C956A7}.Debug|Any CPU.Build.0 = Debug|Any CPU
		{748A9A6B-0166-4C59-974E-D8EDC5C956A7}.Release|Any CPU.ActiveCfg = Release|Any CPU
		{748A9A6B-0166-4C59-974E-D8EDC5C956A7}.Release|Any CPU.Build.0 = Release|Any CPU
	EndGlobalSection
	GlobalSection(SolutionProperties) = preSolution
		HideSolutionNode = FALSE
	EndGlobalSection
	GlobalSection(ExtensibilityGlobals) = postSolution
		SolutionGuid = {1A1EE2C1-97B4-4703-8460-0EB41EE9C25F}
	EndGlobalSection
EndGlobal
